
Microsoft Visual Studio Solution File, Format Version 12.00
# Visual Studio Version 17
VisualStudioVersion = 17.0.31903.59
MinimumVisualStudioVersion = 10.0.40219.1
Project("{FAE04EC0-301F-11D3-BF4B-00C04F79EFBC}") = "PharmacyManagement.API", "PharmacyManagement.API\PharmacyManagement.API.csproj", "{A81759AF-2F49-4264-A80C-AE1F4070A28E}"
EndProject
Project("{FAE04EC0-301F-11D3-BF4B-00C04F79EFBC}") = "PharmacyManagement.Application", "PharmacyManagement.Application\PharmacyManagement.Application.csproj", "{965FE9D0-F669-44BA-B905-646A38719A62}"
EndProject
Project("{FAE04EC0-301F-11D3-BF4B-00C04F79EFBC}") = "PharmacyManagement.Domain", "PharmacyManagement.Domain\PharmacyManagement.Domain.csproj", "{B2C93C4A-F15C-4596-A8D5-62A61CA13181}"
EndProject
Project("{FAE04EC0-301F-11D3-BF4B-00C04F79EFBC}") = "PharmacyManagement.Infrastructure", "PharmacyManagement.Infrastructure\PharmacyManagement.Infrastructure.csproj", "{264E6187-D4C1-4960-9F1A-507C88B56D13}"
EndProject
Global
	GlobalSection(SolutionConfigurationPlatforms) = preSolution
		Debug|Any CPU = Debug|Any CPU
		Debug|x64 = Debug|x64
		Debug|x86 = Debug|x86
		Release|Any CPU = Release|Any CPU
		Release|x64 = Release|x64
		Release|x86 = Release|x86
	EndGlobalSection
	GlobalSection(ProjectConfigurationPlatforms) = postSolution
		{A81759AF-2F49-4264-A80C-AE1F4070A28E}.Debug|Any CPU.ActiveCfg = Debug|Any CPU
		{A81759AF-2F49-4264-A80C-AE1F4070A28E}.Debug|Any CPU.Build.0 = Debug|Any CPU
		{A81759AF-2F49-4264-A80C-AE1F4070A28E}.Debug|x64.ActiveCfg = Debug|Any CPU
		{A81759AF-2F49-4264-A80C-AE1F4070A28E}.Debug|x64.Build.0 = Debug|Any CPU
		{A81759AF-2F49-4264-A80C-AE1F4070A28E}.Debug|x86.ActiveCfg = Debug|Any CPU
		{A81759AF-2F49-4264-A80C-AE1F4070A28E}.Debug|x86.Build.0 = Debug|Any CPU
		{A81759AF-2F49-4264-A80C-AE1F4070A28E}.Release|Any CPU.ActiveCfg = Release|Any CPU
		{A81759AF-2F49-4264-A80C-AE1F4070A28E}.Release|Any CPU.Build.0 = Release|Any CPU
		{A81759AF-2F49-4264-A80C-AE1F4070A28E}.Release|x64.ActiveCfg = Release|Any CPU
		{A81759AF-2F49-4264-A80C-AE1F4070A28E}.Release|x64.Build.0 = Release|Any CPU
		{A81759AF-2F49-4264-A80C-AE1F4070A28E}.Release|x86.ActiveCfg = Release|Any CPU
		{A81759AF-2F49-4264-A80C-AE1F4070A28E}.Release|x86.Build.0 = Release|Any CPU
		{965FE9D0-F669-44BA-B905-646A38719A62}.Debug|Any CPU.ActiveCfg = Debug|Any CPU
		{965FE9D0-F669-44BA-B905-646A38719A62}.Debug|Any CPU.Build.0 = Debug|Any CPU
		{965FE9D0-F669-44BA-B905-646A38719A62}.Debug|x64.ActiveCfg = Debug|Any CPU
		{965FE9D0-F669-44BA-B905-646A38719A62}.Debug|x64.Build.0 = Debug|Any CPU
		{965FE9D0-F669-44BA-B905-646A38719A62}.Debug|x86.ActiveCfg = Debug|Any CPU
		{965FE9D0-F669-44BA-B905-646A38719A62}.Debug|x86.Build.0 = Debug|Any CPU
		{965FE9D0-F669-44BA-B905-646A38719A62}.Release|Any CPU.ActiveCfg = Release|Any CPU
		{965FE9D0-F669-44BA-B905-646A38719A62}.Release|Any CPU.Build.0 = Release|Any CPU
		{965FE9D0-F669-44BA-B905-646A38719A62}.Release|x64.ActiveCfg = Release|Any CPU
		{965FE9D0-F669-44BA-B905-646A38719A62}.Release|x64.Build.0 = Release|Any CPU
		{965FE9D0-F669-44BA-B905-646A38719A62}.Release|x86.ActiveCfg = Release|Any CPU
		{965FE9D0-F669-44BA-B905-646A38719A62}.Release|x86.Build.0 = Release|Any CPU
		{B2C93C4A-F15C-4596-A8D5-62A61CA13181}.Debug|Any CPU.ActiveCfg = Debug|Any CPU
		{B2C93C4A-F15C-4596-A8D5-62A61CA13181}.Debug|Any CPU.Build.0 = Debug|Any CPU
		{B2C93C4A-F15C-4596-A8D5-62A61CA13181}.Debug|x64.ActiveCfg = Debug|Any CPU
		{B2C93C4A-F15C-4596-A8D5-62A61CA13181}.Debug|x64.Build.0 = Debug|Any CPU
		{B2C93C4A-F15C-4596-A8D5-62A61CA13181}.Debug|x86.ActiveCfg = Debug|Any CPU
		{B2C93C4A-F15C-4596-A8D5-62A61CA13181}.Debug|x86.Build.0 = Debug|Any CPU
		{B2C93C4A-F15C-4596-A8D5-62A61CA13181}.Release|Any CPU.ActiveCfg = Release|Any CPU
		{B2C93C4A-F15C-4596-A8D5-62A61CA13181}.Release|Any CPU.Build.0 = Release|Any CPU
		{B2C93C4A-F15C-4596-A8D5-62A61CA13181}.Release|x64.ActiveCfg = Release|Any CPU
		{B2C93C4A-F15C-4596-A8D5-62A61CA13181}.Release|x64.Build.0 = Release|Any CPU
		{B2C93C4A-F15C-4596-A8D5-62A61CA13181}.Release|x86.ActiveCfg = Release|Any CPU
		{B2C93C4A-F15C-4596-A8D5-62A61CA13181}.Release|x86.Build.0 = Release|Any CPU
		{264E6187-D4C1-4960-9F1A-507C88B56D13}.Debug|Any CPU.ActiveCfg = Debug|Any CPU
		{264E6187-D4C1-4960-9F1A-507C88B56D13}.Debug|Any CPU.Build.0 = Debug|Any CPU
		{264E6187-D4C1-4960-9F1A-507C88B56D13}.Debug|x64.ActiveCfg = Debug|Any CPU
		{264E6187-D4C1-4960-9F1A-507C88B56D13}.Debug|x64.Build.0 = Debug|Any CPU
		{264E6187-D4C1-4960-9F1A-507C88B56D13}.Debug|x86.ActiveCfg = Debug|Any CPU
		{264E6187-D4C1-4960-9F1A-507C88B56D13}.Debug|x86.Build.0 = Debug|Any CPU
		{264E6187-D4C1-4960-9F1A-507C88B56D13}.Release|Any CPU.ActiveCfg = Release|Any CPU
		{264E6187-D4C1-4960-9F1A-507C88B56D13}.Release|Any CPU.Build.0 = Release|Any CPU
		{264E6187-D4C1-4960-9F1A-507C88B56D13}.Release|x64.ActiveCfg = Release|Any CPU
		{264E6187-D4C1-4960-9F1A-507C88B56D13}.Release|x64.Build.0 = Release|Any CPU
		{264E6187-D4C1-4960-9F1A-507C88B56D13}.Release|x86.ActiveCfg = Release|Any CPU
		{264E6187-D4C1-4960-9F1A-507C88B56D13}.Release|x86.Build.0 = Release|Any CPU
	EndGlobalSection
	GlobalSection(SolutionProperties) = preSolution
		HideSolutionNode = FALSE
	EndGlobalSection
EndGlobal
